
Microsoft Visual Studio Solution File, Format Version 12.00
# Visual Studio Version 17
VisualStudioVersion = 17.4.33205.214
MinimumVisualStudioVersion = 10.0.40219.1
Project("{FAE04EC0-301F-11D3-BF4B-00C04F79EFBC}") = "STFUGrimmChild", "STFUGrimmChild.csproj", "{3983B13B-F2D7-43E4-A288-0938280761CB}"
EndProject
Project("{2150E333-8FDC-42A3-9474-1A3956D46DE8}") = "Solution Files", "Solution Files", "{90D81A25-B6E8-44A8-A36E-8CF78919A9D5}"
	ProjectSection(SolutionItems) = preProject
		.github\workflows\build.yml = .github\workflows\build.yml
		.github\dependabot.yml = .github\dependabot.yml
		README.md = README.md
	EndProjectSection
EndProject
Global
	GlobalSection(SolutionConfigurationPlatforms) = preSolution
		Debug|Any CPU = Debug|Any CPU
		Release|Any CPU = Release|Any CPU
	EndGlobalSection
	GlobalSection(ProjectConfigurationPlatforms) = postSolution
		{3983B13B-F2D7-43E4-A288-0938280761CB}.Debug|Any CPU.ActiveCfg = Debug|Any CPU
		{3983B13B-F2D7-43E4-A288-0938280761CB}.Debug|Any CPU.Build.0 = Debug|Any CPU
		{3983B13B-F2D7-43E4-A288-0938280761CB}.Release|Any CPU.ActiveCfg = Release|Any CPU
		{3983B13B-F2D7-43E4-A288-0938280761CB}.Release|Any CPU.Build.0 = Release|Any CPU
	EndGlobalSection
	GlobalSection(SolutionProperties) = preSolution
		HideSolutionNode = FALSE
	EndGlobalSection
	GlobalSection(ExtensibilityGlobals) = postSolution
		SolutionGuid = {8E7B1B35-4D18-4796-9E3B-AD87D5293976}
	EndGlobalSection
EndGlobal
